
Microsoft Visual Studio Solution File, Format Version 12.00
# Visual Studio Version 16
VisualStudioVersion = 25.0.1706.1
MinimumVisualStudioVersion = 10.0.40219.1
Project("{FAE04EC0-301F-11D3-BF4B-00C04F79EFBC}") = "TimerPro", "TimerPro\TimerPro.csproj", "{E8984658-0031-465A-A984-B94B7071119B}"
EndProject
Global
	GlobalSection(SolutionConfigurationPlatforms) = preSolution
		Debug|Any CPU = Debug|Any CPU
		Release|Any CPU = Release|Any CPU
	EndGlobalSection
	GlobalSection(ProjectConfigurationPlatforms) = postSolution
		{E8984658-0031-465A-A984-B94B7071119B}.Debug|Any CPU.ActiveCfg = Debug|Any CPU
		{E8984658-0031-465A-A984-B94B7071119B}.Debug|Any CPU.Build.0 = Debug|Any CPU
		{E8984658-0031-465A-A984-B94B7071119B}.Release|Any CPU.ActiveCfg = Release|Any CPU
		{E8984658-0031-465A-A984-B94B7071119B}.Release|Any CPU.Build.0 = Release|Any CPU
	EndGlobalSection
	GlobalSection(SolutionProperties) = preSolution
		HideSolutionNode = FALSE
	EndGlobalSection
	GlobalSection(ExtensibilityGlobals) = postSolution
		SolutionGuid = {8192A356-D498-4FFB-A93C-8864481BA2D4}
	EndGlobalSection
EndGlobal
